// !$*UTF8*$!
{
	archiveVersion = 1;
	classes = {
	};
	objectVersion = 56;
	objects = {

/* Begin PBXBuildFile section */
		949741E42C776CDF00B1C16D /* Starfield Watch App.app in Embed Watch Content */ = {isa = PBXBuildFile; fileRef = 949741E32C776CDF00B1C16D /* Starfield Watch App.app */; settings = {ATTRIBUTES = (RemoveHeadersOnCopy, ); }; };
		949741E92C776CDF00B1C16D /* StarfieldApp.swift in Sources */ = {isa = PBXBuildFile; fileRef = 949741E82C776CDF00B1C16D /* StarfieldApp.swift */; };
		949741EB2C776CDF00B1C16D /* ContentView.swift in Sources */ = {isa = PBXBuildFile; fileRef = 949741EA2C776CDF00B1C16D /* ContentView.swift */; };
		949741ED2C776CE100B1C16D /* Assets.xcassets in Resources */ = {isa = PBXBuildFile; fileRef = 949741EC2C776CE100B1C16D /* Assets.xcassets */; };
		949741F02C776CE100B1C16D /* Preview Assets.xcassets in Resources */ = {isa = PBXBuildFile; fileRef = 949741EF2C776CE100B1C16D /* Preview Assets.xcassets */; };
		949741FA2C776CE200B1C16D /* Starfield_Watch_AppTests.swift in Sources */ = {isa = PBXBuildFile; fileRef = 949741F92C776CE200B1C16D /* Starfield_Watch_AppTests.swift */; };
		949742042C776CE200B1C16D /* Starfield_Watch_AppUITests.swift in Sources */ = {isa = PBXBuildFile; fileRef = 949742032C776CE200B1C16D /* Starfield_Watch_AppUITests.swift */; };
		949742062C776CE200B1C16D /* Starfield_Watch_AppUITestsLaunchTests.swift in Sources */ = {isa = PBXBuildFile; fileRef = 949742052C776CE200B1C16D /* Starfield_Watch_AppUITestsLaunchTests.swift */; };
/* End PBXBuildFile section */

/* Begin PBXContainerItemProxy section */
		949741E52C776CDF00B1C16D /* PBXContainerItemProxy */ = {
			isa = PBXContainerItemProxy;
			containerPortal = 949741D72C776CDE00B1C16D /* Project object */;
			proxyType = 1;
			remoteGlobalIDString = 949741E22C776CDF00B1C16D;
			remoteInfo = "Starfield Watch App";
		};
		949741F62C776CE200B1C16D /* PBXContainerItemProxy */ = {
			isa = PBXContainerItemProxy;
			containerPortal = 949741D72C776CDE00B1C16D /* Project object */;
			proxyType = 1;
			remoteGlobalIDString = 949741E22C776CDF00B1C16D;
			remoteInfo = "Starfield Watch App";
		};
		949742002C776CE200B1C16D /* PBXContainerItemProxy */ = {
			isa = PBXContainerItemProxy;
			containerPortal = 949741D72C776CDE00B1C16D /* Project object */;
			proxyType = 1;
			remoteGlobalIDString = 949741E22C776CDF00B1C16D;
			remoteInfo = "Starfield Watch App";
		};
/* End PBXContainerItemProxy section */

/* Begin PBXCopyFilesBuildPhase section */
		9497420C2C776CE200B1C16D /* Embed Watch Content */ = {
			isa = PBXCopyFilesBuildPhase;
			buildActionMask = 2147483647;
			dstPath = "$(CONTENTS_FOLDER_PATH)/Watch";
			dstSubfolderSpec = 16;
			files = (
				949741E42C776CDF00B1C16D /* Starfield Watch App.app in Embed Watch Content */,
			);
			name = "Embed Watch Content";
			runOnlyForDeploymentPostprocessing = 0;
		};
/* End PBXCopyFilesBuildPhase section */

/* Begin PBXFileReference section */
		949741DD2C776CDF00B1C16D /* Starfield.app */ = {isa = PBXFileReference; explicitFileType = wrapper.application; includeInIndex = 0; path = Starfield.app; sourceTree = BUILT_PRODUCTS_DIR; };
		949741E32C776CDF00B1C16D /* Starfield Watch App.app */ = {isa = PBXFileReference; explicitFileType = wrapper.application; includeInIndex = 0; path = "Starfield Watch App.app"; sourceTree = BUILT_PRODUCTS_DIR; };
		949741E82C776CDF00B1C16D /* StarfieldApp.swift */ = {isa = PBXFileReference; lastKnownFileType = sourcecode.swift; path = StarfieldApp.swift; sourceTree = "<group>"; };
		949741EA2C776CDF00B1C16D /* ContentView.swift */ = {isa = PBXFileReference; lastKnownFileType = sourcecode.swift; path = ContentView.swift; sourceTree = "<group>"; };
		949741EC2C776CE100B1C16D /* Assets.xcassets */ = {isa = PBXFileReference; lastKnownFileType = folder.assetcatalog; path = Assets.xcassets; sourceTree = "<group>"; };
		949741EF2C776CE100B1C16D /* Preview Assets.xcassets */ = {isa = PBXFileReference; lastKnownFileType = folder.assetcatalog; path = "Preview Assets.xcassets"; sourceTree = "<group>"; };
		949741F52C776CE200B1C16D /* Starfield Watch AppTests.xctest */ = {isa = PBXFileReference; explicitFileType = wrapper.cfbundle; includeInIndex = 0; path = "Starfield Watch AppTests.xctest"; sourceTree = BUILT_PRODUCTS_DIR; };
		949741F92C776CE200B1C16D /* Starfield_Watch_AppTests.swift */ = {isa = PBXFileReference; lastKnownFileType = sourcecode.swift; path = Starfield_Watch_AppTests.swift; sourceTree = "<group>"; };
		949741FF2C776CE200B1C16D /* Starfield Watch AppUITests.xctest */ = {isa = PBXFileReference; explicitFileType = wrapper.cfbundle; includeInIndex = 0; path = "Starfield Watch AppUITests.xctest"; sourceTree = BUILT_PRODUCTS_DIR; };
		949742032C776CE200B1C16D /* Starfield_Watch_AppUITests.swift */ = {isa = PBXFileReference; lastKnownFileType = sourcecode.swift; path = Starfield_Watch_AppUITests.swift; sourceTree = "<group>"; };
		949742052C776CE200B1C16D /* Starfield_Watch_AppUITestsLaunchTests.swift */ = {isa = PBXFileReference; lastKnownFileType = sourcecode.swift; path = Starfield_Watch_AppUITestsLaunchTests.swift; sourceTree = "<group>"; };
/* End PBXFileReference section */

/* Begin PBXFrameworksBuildPhase section */
		949741E02C776CDF00B1C16D /* Frameworks */ = {
			isa = PBXFrameworksBuildPhase;
			buildActionMask = 2147483647;
			files = (
			);
			runOnlyForDeploymentPostprocessing = 0;
		};
		949741F22C776CE200B1C16D /* Frameworks */ = {
			isa = PBXFrameworksBuildPhase;
			buildActionMask = 2147483647;
			files = (
			);
			runOnlyForDeploymentPostprocessing = 0;
		};
		949741FC2C776CE200B1C16D /* Frameworks */ = {
			isa = PBXFrameworksBuildPhase;
			buildActionMask = 2147483647;
			files = (
			);
			runOnlyForDeploymentPostprocessing = 0;
		};
/* End PBXFrameworksBuildPhase section */

/* Begin PBXGroup section */
		949741D62C776CDE00B1C16D = {
			isa = PBXGroup;
			children = (
				949741E72C776CDF00B1C16D /* Starfield Watch App */,
				949741F82C776CE200B1C16D /* Starfield Watch AppTests */,
				949742022C776CE200B1C16D /* Starfield Watch AppUITests */,
				949741DE2C776CDF00B1C16D /* Products */,
			);
			sourceTree = "<group>";
		};
		949741DE2C776CDF00B1C16D /* Products */ = {
			isa = PBXGroup;
			children = (
				949741DD2C776CDF00B1C16D /* Starfield.app */,
				949741E32C776CDF00B1C16D /* Starfield Watch App.app */,
				949741F52C776CE200B1C16D /* Starfield Watch AppTests.xctest */,
				949741FF2C776CE200B1C16D /* Starfield Watch AppUITests.xctest */,
			);
			name = Products;
			sourceTree = "<group>";
		};
		949741E72C776CDF00B1C16D /* Starfield Watch App */ = {
			isa = PBXGroup;
			children = (
				949741E82C776CDF00B1C16D /* StarfieldApp.swift */,
				949741EA2C776CDF00B1C16D /* ContentView.swift */,
				949741EC2C776CE100B1C16D /* Assets.xcassets */,
				949741EE2C776CE100B1C16D /* Preview Content */,
			);
			path = "Starfield Watch App";
			sourceTree = "<group>";
		};
		949741EE2C776CE100B1C16D /* Preview Content */ = {
			isa = PBXGroup;
			children = (
				949741EF2C776CE100B1C16D /* Preview Assets.xcassets */,
			);
			path = "Preview Content";
			sourceTree = "<group>";
		};
		949741F82C776CE200B1C16D /* Starfield Watch AppTests */ = {
			isa = PBXGroup;
			children = (
				949741F92C776CE200B1C16D /* Starfield_Watch_AppTests.swift */,
			);
			path = "Starfield Watch AppTests";
			sourceTree = "<group>";
		};
		949742022C776CE200B1C16D /* Starfield Watch AppUITests */ = {
			isa = PBXGroup;
			children = (
				949742032C776CE200B1C16D /* Starfield_Watch_AppUITests.swift */,
				949742052C776CE200B1C16D /* Starfield_Watch_AppUITestsLaunchTests.swift */,
			);
			path = "Starfield Watch AppUITests";
			sourceTree = "<group>";
		};
/* End PBXGroup section */

/* Begin PBXNativeTarget section */
		949741DC2C776CDF00B1C16D /* Starfield */ = {
			isa = PBXNativeTarget;
			buildConfigurationList = 9497420D2C776CE200B1C16D /* Build configuration list for PBXNativeTarget "Starfield" */;
			buildPhases = (
				949741DB2C776CDF00B1C16D /* Resources */,
				9497420C2C776CE200B1C16D /* Embed Watch Content */,
			);
			buildRules = (
			);
			dependencies = (
				949741E62C776CDF00B1C16D /* PBXTargetDependency */,
			);
			name = Starfield;
			productName = Starfield;
			productReference = 949741DD2C776CDF00B1C16D /* Starfield.app */;
			productType = "com.apple.product-type.application.watchapp2-container";
		};
		949741E22C776CDF00B1C16D /* Starfield Watch App */ = {
			isa = PBXNativeTarget;
			buildConfigurationList = 949742092C776CE200B1C16D /* Build configuration list for PBXNativeTarget "Starfield Watch App" */;
			buildPhases = (
				949741DF2C776CDF00B1C16D /* Sources */,
				949741E02C776CDF00B1C16D /* Frameworks */,
				949741E12C776CDF00B1C16D /* Resources */,
			);
			buildRules = (
			);
			dependencies = (
			);
			name = "Starfield Watch App";
			productName = "Starfield Watch App";
			productReference = 949741E32C776CDF00B1C16D /* Starfield Watch App.app */;
			productType = "com.apple.product-type.application";
		};
		949741F42C776CE200B1C16D /* Starfield Watch AppTests */ = {
			isa = PBXNativeTarget;
			buildConfigurationList = 949742102C776CE200B1C16D /* Build configuration list for PBXNativeTarget "Starfield Watch AppTests" */;
			buildPhases = (
				949741F12C776CE200B1C16D /* Sources */,
				949741F22C776CE200B1C16D /* Frameworks */,
				949741F32C776CE200B1C16D /* Resources */,
			);
			buildRules = (
			);
			dependencies = (
				949741F72C776CE200B1C16D /* PBXTargetDependency */,
			);
			name = "Starfield Watch AppTests";
			productName = "Starfield Watch AppTests";
			productReference = 949741F52C776CE200B1C16D /* Starfield Watch AppTests.xctest */;
			productType = "com.apple.product-type.bundle.unit-test";
		};
		949741FE2C776CE200B1C16D /* Starfield Watch AppUITests */ = {
			isa = PBXNativeTarget;
			buildConfigurationList = 949742132C776CE200B1C16D /* Build configuration list for PBXNativeTarget "Starfield Watch AppUITests" */;
			buildPhases = (
				949741FB2C776CE200B1C16D /* Sources */,
				949741FC2C776CE200B1C16D /* Frameworks */,
				949741FD2C776CE200B1C16D /* Resources */,
			);
			buildRules = (
			);
			dependencies = (
				949742012C776CE200B1C16D /* PBXTargetDependency */,
			);
			name = "Starfield Watch AppUITests";
			productName = "Starfield Watch AppUITests";
			productReference = 949741FF2C776CE200B1C16D /* Starfield Watch AppUITests.xctest */;
			productType = "com.apple.product-type.bundle.ui-testing";
		};
/* End PBXNativeTarget section */

/* Begin PBXProject section */
		949741D72C776CDE00B1C16D /* Project object */ = {
			isa = PBXProject;
			attributes = {
				BuildIndependentTargetsInParallel = 1;
				LastSwiftUpdateCheck = 1540;
				LastUpgradeCheck = 1540;
				TargetAttributes = {
					949741DC2C776CDF00B1C16D = {
						CreatedOnToolsVersion = 15.4;
					};
					949741E22C776CDF00B1C16D = {
						CreatedOnToolsVersion = 15.4;
					};
					949741F42C776CE200B1C16D = {
						CreatedOnToolsVersion = 15.4;
						TestTargetID = 949741E22C776CDF00B1C16D;
					};
					949741FE2C776CE200B1C16D = {
						CreatedOnToolsVersion = 15.4;
						TestTargetID = 949741E22C776CDF00B1C16D;
					};
				};
			};
			buildConfigurationList = 949741DA2C776CDE00B1C16D /* Build configuration list for PBXProject "Starfield" */;
			compatibilityVersion = "Xcode 14.0";
			developmentRegion = en;
			hasScannedForEncodings = 0;
			knownRegions = (
				en,
				Base,
			);
			mainGroup = 949741D62C776CDE00B1C16D;
			productRefGroup = 949741DE2C776CDF00B1C16D /* Products */;
			projectDirPath = "";
			projectRoot = "";
			targets = (
				949741DC2C776CDF00B1C16D /* Starfield */,
				949741E22C776CDF00B1C16D /* Starfield Watch App */,
				949741F42C776CE200B1C16D /* Starfield Watch AppTests */,
				949741FE2C776CE200B1C16D /* Starfield Watch AppUITests */,
			);
		};
/* End PBXProject section */

/* Begin PBXResourcesBuildPhase section */
		949741DB2C776CDF00B1C16D /* Resources */ = {
			isa = PBXResourcesBuildPhase;
			buildActionMask = 2147483647;
			files = (
			);
			runOnlyForDeploymentPostprocessing = 0;
		};
		949741E12C776CDF00B1C16D /* Resources */ = {
			isa = PBXResourcesBuildPhase;
			buildActionMask = 2147483647;
			files = (
				949741F02C776CE100B1C16D /* Preview Assets.xcassets in Resources */,
				949741ED2C776CE100B1C16D /* Assets.xcassets in Resources */,
			);
			runOnlyForDeploymentPostprocessing = 0;
		};
		949741F32C776CE200B1C16D /* Resources */ = {
			isa = PBXResourcesBuildPhase;
			buildActionMask = 2147483647;
			files = (
			);
			runOnlyForDeploymentPostprocessing = 0;
		};
		949741FD2C776CE200B1C16D /* Resources */ = {
			isa = PBXResourcesBuildPhase;
			buildActionMask = 2147483647;
			files = (
			);
			runOnlyForDeploymentPostprocessing = 0;
		};
/* End PBXResourcesBuildPhase section */

/* Begin PBXSourcesBuildPhase section */
		949741DF2C776CDF00B1C16D /* Sources */ = {
			isa = PBXSourcesBuildPhase;
			buildActionMask = 2147483647;
			files = (
				949741EB2C776CDF00B1C16D /* ContentView.swift in Sources */,
				949741E92C776CDF00B1C16D /* StarfieldApp.swift in Sources */,
			);
			runOnlyForDeploymentPostprocessing = 0;
		};
		949741F12C776CE200B1C16D /* Sources */ = {
			isa = PBXSourcesBuildPhase;
			buildActionMask = 2147483647;
			files = (
				949741FA2C776CE200B1C16D /* Starfield_Watch_AppTests.swift in Sources */,
			);
			runOnlyForDeploymentPostprocessing = 0;
		};
		949741FB2C776CE200B1C16D /* Sources */ = {
			isa = PBXSourcesBuildPhase;
			buildActionMask = 2147483647;
			files = (
				949742042C776CE200B1C16D /* Starfield_Watch_AppUITests.swift in Sources */,
				949742062C776CE200B1C16D /* Starfield_Watch_AppUITestsLaunchTests.swift in Sources */,
			);
			runOnlyForDeploymentPostprocessing = 0;
		};
/* End PBXSourcesBuildPhase section */

/* Begin PBXTargetDependency section */
		949741E62C776CDF00B1C16D /* PBXTargetDependency */ = {
			isa = PBXTargetDependency;
			target = 949741E22C776CDF00B1C16D /* Starfield Watch App */;
			targetProxy = 949741E52C776CDF00B1C16D /* PBXContainerItemProxy */;
		};
		949741F72C776CE200B1C16D /* PBXTargetDependency */ = {
			isa = PBXTargetDependency;
			target = 949741E22C776CDF00B1C16D /* Starfield Watch App */;
			targetProxy = 949741F62C776CE200B1C16D /* PBXContainerItemProxy */;
		};
		949742012C776CE200B1C16D /* PBXTargetDependency */ = {
			isa = PBXTargetDependency;
			target = 949741E22C776CDF00B1C16D /* Starfield Watch App */;
			targetProxy = 949742002C776CE200B1C16D /* PBXContainerItemProxy */;
		};
/* End PBXTargetDependency section */

/* Begin XCBuildConfiguration section */
		949742072C776CE200B1C16D /* Debug */ = {
			isa = XCBuildConfiguration;
			buildSettings = {
				ALWAYS_SEARCH_USER_PATHS = NO;
				ASSETCATALOG_COMPILER_GENERATE_SWIFT_ASSET_SYMBOL_EXTENSIONS = YES;
				CLANG_ANALYZER_NONNULL = YES;
				CLANG_ANALYZER_NUMBER_OBJECT_CONVERSION = YES_AGGRESSIVE;
				CLANG_CXX_LANGUAGE_STANDARD = "gnu++20";
				CLANG_ENABLE_MODULES = YES;
				CLANG_ENABLE_OBJC_ARC = YES;
				CLANG_ENABLE_OBJC_WEAK = YES;
				CLANG_WARN_BLOCK_CAPTURE_AUTORELEASING = YES;
				CLANG_WARN_BOOL_CONVERSION = YES;
				CLANG_WARN_COMMA = YES;
				CLANG_WARN_CONSTANT_CONVERSION = YES;
				CLANG_WARN_DEPRECATED_OBJC_IMPLEMENTATIONS = YES;
				CLANG_WARN_DIRECT_OBJC_ISA_USAGE = YES_ERROR;
				CLANG_WARN_DOCUMENTATION_COMMENTS = YES;
				CLANG_WARN_EMPTY_BODY = YES;
				CLANG_WARN_ENUM_CONVERSION = YES;
				CLANG_WARN_INFINITE_RECURSION = YES;
				CLANG_WARN_INT_CONVERSION = YES;
				CLANG_WARN_NON_LITERAL_NULL_CONVERSION = YES;
				CLANG_WARN_OBJC_IMPLICIT_RETAIN_SELF = YES;
				CLANG_WARN_OBJC_LITERAL_CONVERSION = YES;
				CLANG_WARN_OBJC_ROOT_CLASS = YES_ERROR;
				CLANG_WARN_QUOTED_INCLUDE_IN_FRAMEWORK_HEADER = YES;
				CLANG_WARN_RANGE_LOOP_ANALYSIS = YES;
				CLANG_WARN_STRICT_PROTOTYPES = YES;
				CLANG_WARN_SUSPICIOUS_MOVE = YES;
				CLANG_WARN_UNGUARDED_AVAILABILITY = YES_AGGRESSIVE;
				CLANG_WARN_UNREACHABLE_CODE = YES;
				CLANG_WARN__DUPLICATE_METHOD_MATCH = YES;
				COPY_PHASE_STRIP = NO;
				DEBUG_INFORMATION_FORMAT = dwarf;
				ENABLE_STRICT_OBJC_MSGSEND = YES;
				ENABLE_TESTABILITY = YES;
				ENABLE_USER_SCRIPT_SANDBOXING = YES;
				GCC_C_LANGUAGE_STANDARD = gnu17;
				GCC_DYNAMIC_NO_PIC = NO;
				GCC_NO_COMMON_BLOCKS = YES;
				GCC_OPTIMIZATION_LEVEL = 0;
				GCC_PREPROCESSOR_DEFINITIONS = (
					"DEBUG=1",
					"$(inherited)",
				);
				GCC_WARN_64_TO_32_BIT_CONVERSION = YES;
				GCC_WARN_ABOUT_RETURN_TYPE = YES_ERROR;
				GCC_WARN_UNDECLARED_SELECTOR = YES;
				GCC_WARN_UNINITIALIZED_AUTOS = YES_AGGRESSIVE;
				GCC_WARN_UNUSED_FUNCTION = YES;
				GCC_WARN_UNUSED_VARIABLE = YES;
				LOCALIZATION_PREFERS_STRING_CATALOGS = YES;
				MTL_ENABLE_DEBUG_INFO = INCLUDE_SOURCE;
				MTL_FAST_MATH = YES;
				ONLY_ACTIVE_ARCH = YES;
				SWIFT_ACTIVE_COMPILATION_CONDITIONS = "DEBUG $(inherited)";
				SWIFT_OPTIMIZATION_LEVEL = "-Onone";
			};
			name = Debug;
		};
		949742082C776CE200B1C16D /* Release */ = {
			isa = XCBuildConfiguration;
			buildSettings = {
				ALWAYS_SEARCH_USER_PATHS = NO;
				ASSETCATALOG_COMPILER_GENERATE_SWIFT_ASSET_SYMBOL_EXTENSIONS = YES;
				CLANG_ANALYZER_NONNULL = YES;
				CLANG_ANALYZER_NUMBER_OBJECT_CONVERSION = YES_AGGRESSIVE;
				CLANG_CXX_LANGUAGE_STANDARD = "gnu++20";
				CLANG_ENABLE_MODULES = YES;
				CLANG_ENABLE_OBJC_ARC = YES;
				CLANG_ENABLE_OBJC_WEAK = YES;
				CLANG_WARN_BLOCK_CAPTURE_AUTORELEASING = YES;
				CLANG_WARN_BOOL_CONVERSION = YES;
				CLANG_WARN_COMMA = YES;
				CLANG_WARN_CONSTANT_CONVERSION = YES;
				CLANG_WARN_DEPRECATED_OBJC_IMPLEMENTATIONS = YES;
				CLANG_WARN_DIRECT_OBJC_ISA_USAGE = YES_ERROR;
				CLANG_WARN_DOCUMENTATION_COMMENTS = YES;
				CLANG_WARN_EMPTY_BODY = YES;
				CLANG_WARN_ENUM_CONVERSION = YES;
				CLANG_WARN_INFINITE_RECURSION = YES;
				CLANG_WARN_INT_CONVERSION = YES;
				CLANG_WARN_NON_LITERAL_NULL_CONVERSION = YES;
				CLANG_WARN_OBJC_IMPLICIT_RETAIN_SELF = YES;
				CLANG_WARN_OBJC_LITERAL_CONVERSION = YES;
				CLANG_WARN_OBJC_ROOT_CLASS = YES_ERROR;
				CLANG_WARN_QUOTED_INCLUDE_IN_FRAMEWORK_HEADER = YES;
				CLANG_WARN_RANGE_LOOP_ANALYSIS = YES;
				CLANG_WARN_STRICT_PROTOTYPES = YES;
				CLANG_WARN_SUSPICIOUS_MOVE = YES;
				CLANG_WARN_UNGUARDED_AVAILABILITY = YES_AGGRESSIVE;
				CLANG_WARN_UNREACHABLE_CODE = YES;
				CLANG_WARN__DUPLICATE_METHOD_MATCH = YES;
				COPY_PHASE_STRIP = NO;
				DEBUG_INFORMATION_FORMAT = "dwarf-with-dsym";
				ENABLE_NS_ASSERTIONS = NO;
				ENABLE_STRICT_OBJC_MSGSEND = YES;
				ENABLE_USER_SCRIPT_SANDBOXING = YES;
				GCC_C_LANGUAGE_STANDARD = gnu17;
				GCC_NO_COMMON_BLOCKS = YES;
				GCC_WARN_64_TO_32_BIT_CONVERSION = YES;
				GCC_WARN_ABOUT_RETURN_TYPE = YES_ERROR;
				GCC_WARN_UNDECLARED_SELECTOR = YES;
				GCC_WARN_UNINITIALIZED_AUTOS = YES_AGGRESSIVE;
				GCC_WARN_UNUSED_FUNCTION = YES;
				GCC_WARN_UNUSED_VARIABLE = YES;
				LOCALIZATION_PREFERS_STRING_CATALOGS = YES;
				MTL_ENABLE_DEBUG_INFO = NO;
				MTL_FAST_MATH = YES;
				SWIFT_COMPILATION_MODE = wholemodule;
			};
			name = Release;
		};
		9497420A2C776CE200B1C16D /* Debug */ = {
			isa = XCBuildConfiguration;
			buildSettings = {
				ASSETCATALOG_COMPILER_APPICON_NAME = AppIcon;
				ASSETCATALOG_COMPILER_GLOBAL_ACCENT_COLOR_NAME = AccentColor;
				CODE_SIGN_STYLE = Automatic;
				CURRENT_PROJECT_VERSION = 1;
				DEVELOPMENT_ASSET_PATHS = "\"Starfield Watch App/Preview Content\"";
				DEVELOPMENT_TEAM = ZWXK7K6A76;
				ENABLE_PREVIEWS = YES;
				GENERATE_INFOPLIST_FILE = YES;
				INFOPLIST_KEY_CFBundleDisplayName = Starfield;
				INFOPLIST_KEY_UISupportedInterfaceOrientations = "UIInterfaceOrientationPortrait UIInterfaceOrientationPortraitUpsideDown";
				INFOPLIST_KEY_WKWatchOnly = YES;
				LD_RUNPATH_SEARCH_PATHS = (
					"$(inherited)",
					"@executable_path/Frameworks",
				);
				MARKETING_VERSION = 1.0;
				PRODUCT_BUNDLE_IDENTIFIER = josi.Starfield.watchkitapp;
				PRODUCT_NAME = "$(TARGET_NAME)";
				SDKROOT = watchos;
				SKIP_INSTALL = YES;
				SWIFT_EMIT_LOC_STRINGS = YES;
				SWIFT_VERSION = 5.0;
				TARGETED_DEVICE_FAMILY = 4;
				WATCHOS_DEPLOYMENT_TARGET = 10.5;
			};
			name = Debug;
		};
		9497420B2C776CE200B1C16D /* Release */ = {
			isa = XCBuildConfiguration;
			buildSettings = {
				ASSETCATALOG_COMPILER_APPICON_NAME = AppIcon;
				ASSETCATALOG_COMPILER_GLOBAL_ACCENT_COLOR_NAME = AccentColor;
				CODE_SIGN_STYLE = Automatic;
				CURRENT_PROJECT_VERSION = 1;
				DEVELOPMENT_ASSET_PATHS = "\"Starfield Watch App/Preview Content\"";
				DEVELOPMENT_TEAM = ZWXK7K6A76;
				ENABLE_PREVIEWS = YES;
				GENERATE_INFOPLIST_FILE = YES;
				INFOPLIST_KEY_CFBundleDisplayName = Starfield;
				INFOPLIST_KEY_UISupportedInterfaceOrientations = "UIInterfaceOrientationPortrait UIInterfaceOrientationPortraitUpsideDown";
				INFOPLIST_KEY_WKWatchOnly = YES;
				LD_RUNPATH_SEARCH_PATHS = (
					"$(inherited)",
					"@executable_path/Frameworks",
				);
				MARKETING_VERSION = 1.0;
				PRODUCT_BUNDLE_IDENTIFIER = josi.Starfield.watchkitapp;
				PRODUCT_NAME = "$(TARGET_NAME)";
				SDKROOT = watchos;
				SKIP_INSTALL = YES;
				SWIFT_EMIT_LOC_STRINGS = YES;
				SWIFT_VERSION = 5.0;
				TARGETED_DEVICE_FAMILY = 4;
				VALIDATE_PRODUCT = YES;
				WATCHOS_DEPLOYMENT_TARGET = 10.5;
			};
			name = Release;
		};
		9497420E2C776CE200B1C16D /* Debug */ = {
			isa = XCBuildConfiguration;
			buildSettings = {
				ALWAYS_EMBED_SWIFT_STANDARD_LIBRARIES = YES;
				CODE_SIGN_STYLE = Automatic;
				CURRENT_PROJECT_VERSION = 1;
				DEVELOPMENT_TEAM = ZWXK7K6A76;
				INFOPLIST_KEY_CFBundleDisplayName = Starfield;
				MARKETING_VERSION = 1.0;
				PRODUCT_BUNDLE_IDENTIFIER = josi.Starfield;
				PRODUCT_NAME = "$(TARGET_NAME)";
				SDKROOT = iphoneos;
				SWIFT_VERSION = 5.0;
			};
			name = Debug;
		};
		9497420F2C776CE200B1C16D /* Release */ = {
			isa = XCBuildConfiguration;
			buildSettings = {
				ALWAYS_EMBED_SWIFT_STANDARD_LIBRARIES = YES;
				CODE_SIGN_STYLE = Automatic;
				CURRENT_PROJECT_VERSION = 1;
				DEVELOPMENT_TEAM = ZWXK7K6A76;
				INFOPLIST_KEY_CFBundleDisplayName = Starfield;
				MARKETING_VERSION = 1.0;
				PRODUCT_BUNDLE_IDENTIFIER = josi.Starfield;
				PRODUCT_NAME = "$(TARGET_NAME)";
				SDKROOT = iphoneos;
				SWIFT_VERSION = 5.0;
				VALIDATE_PRODUCT = YES;
			};
			name = Release;
		};
		949742112C776CE200B1C16D /* Debug */ = {
			isa = XCBuildConfiguration;
			buildSettings = {
				ALWAYS_EMBED_SWIFT_STANDARD_LIBRARIES = YES;
				BUNDLE_LOADER = "$(TEST_HOST)";
				CODE_SIGN_STYLE = Automatic;
				CURRENT_PROJECT_VERSION = 1;
				DEVELOPMENT_TEAM = ZWXK7K6A76;
				GENERATE_INFOPLIST_FILE = YES;
				MARKETING_VERSION = 1.0;
				PRODUCT_BUNDLE_IDENTIFIER = "josi.Starfield-Watch-AppTests";
				PRODUCT_NAME = "$(TARGET_NAME)";
				SDKROOT = watchos;
				SWIFT_EMIT_LOC_STRINGS = NO;
				SWIFT_VERSION = 5.0;
				TARGETED_DEVICE_FAMILY = 4;
				TEST_HOST = "$(BUILT_PRODUCTS_DIR)/Starfield Watch App.app/$(BUNDLE_EXECUTABLE_FOLDER_PATH)/Starfield Watch App";
				WATCHOS_DEPLOYMENT_TARGET = 10.5;
			};
			name = Debug;
		};
		949742122C776CE200B1C16D /* Release */ = {
			isa = XCBuildConfiguration;
			buildSettings = {
				ALWAYS_EMBED_SWIFT_STANDARD_LIBRARIES = YES;
				BUNDLE_LOADER = "$(TEST_HOST)";
				CODE_SIGN_STYLE = Automatic;
				CURRENT_PROJECT_VERSION = 1;
				DEVELOPMENT_TEAM = ZWXK7K6A76;
				GENERATE_INFOPLIST_FILE = YES;
				MARKETING_VERSION = 1.0;
				PRODUCT_BUNDLE_IDENTIFIER = "josi.Starfield-Watch-AppTests";
				PRODUCT_NAME = "$(TARGET_NAME)";
				SDKROOT = watchos;
				SWIFT_EMIT_LOC_STRINGS = NO;
				SWIFT_VERSION = 5.0;
				TARGETED_DEVICE_FAMILY = 4;
				TEST_HOST = "$(BUILT_PRODUCTS_DIR)/Starfield Watch App.app/$(BUNDLE_EXECUTABLE_FOLDER_PATH)/Starfield Watch App";
				VALIDATE_PRODUCT = YES;
				WATCHOS_DEPLOYMENT_TARGET = 10.5;
			};
			name = Release;
		};
		949742142C776CE200B1C16D /* Debug */ = {
			isa = XCBuildConfiguration;
			buildSettings = {
				ALWAYS_EMBED_SWIFT_STANDARD_LIBRARIES = YES;
				CODE_SIGN_STYLE = Automatic;
				CURRENT_PROJECT_VERSION = 1;
				DEVELOPMENT_TEAM = ZWXK7K6A76;
				GENERATE_INFOPLIST_FILE = YES;
				MARKETING_VERSION = 1.0;
				PRODUCT_BUNDLE_IDENTIFIER = "josi.Starfield-Watch-AppUITests";
				PRODUCT_NAME = "$(TARGET_NAME)";
				SDKROOT = watchos;
				SWIFT_EMIT_LOC_STRINGS = NO;
				SWIFT_VERSION = 5.0;
				TARGETED_DEVICE_FAMILY = 4;
				TEST_TARGET_NAME = "Starfield Watch App";
				WATCHOS_DEPLOYMENT_TARGET = 10.5;
			};
			name = Debug;
		};
		949742152C776CE200B1C16D /* Release */ = {
			isa = XCBuildConfiguration;
			buildSettings = {
				ALWAYS_EMBED_SWIFT_STANDARD_LIBRARIES = YES;
				CODE_SIGN_STYLE = Automatic;
				CURRENT_PROJECT_VERSION = 1;
				DEVELOPMENT_TEAM = ZWXK7K6A76;
				GENERATE_INFOPLIST_FILE = YES;
				MARKETING_VERSION = 1.0;
				PRODUCT_BUNDLE_IDENTIFIER = "josi.Starfield-Watch-AppUITests";
				PRODUCT_NAME = "$(TARGET_NAME)";
				SDKROOT = watchos;
				SWIFT_EMIT_LOC_STRINGS = NO;
				SWIFT_VERSION = 5.0;
				TARGETED_DEVICE_FAMILY = 4;
				TEST_TARGET_NAME = "Starfield Watch App";
				VALIDATE_PRODUCT = YES;
				WATCHOS_DEPLOYMENT_TARGET = 10.5;
			};
			name = Release;
		};
/* End XCBuildConfiguration section */

/* Begin XCConfigurationList section */
		949741DA2C776CDE00B1C16D /* Build configuration list for PBXProject "Starfield" */ = {
			isa = XCConfigurationList;
			buildConfigurations = (
				949742072C776CE200B1C16D /* Debug */,
				949742082C776CE200B1C16D /* Release */,
			);
			defaultConfigurationIsVisible = 0;
			defaultConfigurationName = Release;
		};
		949742092C776CE200B1C16D /* Build configuration list for PBXNativeTarget "Starfield Watch App" */ = {
			isa = XCConfigurationList;
			buildConfigurations = (
				9497420A2C776CE200B1C16D /* Debug */,
				9497420B2C776CE200B1C16D /* Release */,
			);
			defaultConfigurationIsVisible = 0;
			defaultConfigurationName = Release;
		};
		9497420D2C776CE200B1C16D /* Build configuration list for PBXNativeTarget "Starfield" */ = {
			isa = XCConfigurationList;
			buildConfigurations = (
				9497420E2C776CE200B1C16D /* Debug */,
				9497420F2C776CE200B1C16D /* Release */,
			);
			defaultConfigurationIsVisible = 0;
			defaultConfigurationName = Release;
		};
		949742102C776CE200B1C16D /* Build configuration list for PBXNativeTarget "Starfield Watch AppTests" */ = {
			isa = XCConfigurationList;
			buildConfigurations = (
				949742112C776CE200B1C16D /* Debug */,
				949742122C776CE200B1C16D /* Release */,
			);
			defaultConfigurationIsVisible = 0;
			defaultConfigurationName = Release;
		};
		949742132C776CE200B1C16D /* Build configuration list for PBXNativeTarget "Starfield Watch AppUITests" */ = {
			isa = XCConfigurationList;
			buildConfigurations = (
				949742142C776CE200B1C16D /* Debug */,
				949742152C776CE200B1C16D /* Release */,
			);
			defaultConfigurationIsVisible = 0;
			defaultConfigurationName = Release;
		};
/* End XCConfigurationList section */
	};
	rootObject = 949741D72C776CDE00B1C16D /* Project object */;
}
